
Microsoft Visual Studio Solution File, Format Version 12.00
# Visual Studio Version 17
VisualStudioVersion = 17.9.34723.18
MinimumVisualStudioVersion = 10.0.40219.1
Project("{FAE04EC0-301F-11D3-BF4B-00C04F79EFBC}") = "Shooting_range", "Shooting_range\Shooting_range.csproj", "{6C6671C6-6010-4E43-B6E5-EA1970F666D8}"
EndProject
Project("{2150E333-8FDC-42A3-9474-1A3956D46DE8}") = "Solution Items", "Solution Items", "{F6B4619D-2BF5-4982-B207-ED38AA16997A}"
	ProjectSection(SolutionItems) = preProject
		.editorconfig = .editorconfig
	EndProjectSection
EndProject
Global
	GlobalSection(SolutionConfigurationPlatforms) = preSolution
		Debug|Any CPU = Debug|Any CPU
		Release|Any CPU = Release|Any CPU
	EndGlobalSection
	GlobalSection(ProjectConfigurationPlatforms) = postSolution
		{6C6671C6-6010-4E43-B6E5-EA1970F666D8}.Debug|Any CPU.ActiveCfg = Debug|Any CPU
		{6C6671C6-6010-4E43-B6E5-EA1970F666D8}.Debug|Any CPU.Build.0 = Debug|Any CPU
		{6C6671C6-6010-4E43-B6E5-EA1970F666D8}.Release|Any CPU.ActiveCfg = Release|Any CPU
		{6C6671C6-6010-4E43-B6E5-EA1970F666D8}.Release|Any CPU.Build.0 = Release|Any CPU
	EndGlobalSection
	GlobalSection(SolutionProperties) = preSolution
		HideSolutionNode = FALSE
	EndGlobalSection
	GlobalSection(ExtensibilityGlobals) = postSolution
		SolutionGuid = {EDCDA8A3-F61B-43D0-A801-50DF0A32FED2}
	EndGlobalSection
EndGlobal
